github.com/sagernet/badhttp v0.0.0-20230228035330-e77eb9a689fd h1:nv3WtVfPGX+i2Ip/TR+Yd3LO1xFSpKUgWmYsXxKJ6vM=
github.com/sagernet/badhttp v0.0.0-20230228035330-e77eb9a689fd/go.mod h1:geEm+9ZyRMZ8THRH0XSexeStaMDtkFBf4J1nMK92mAY=
github.com/sagernet/sing v0.1.8-0.20230228034829-bb617490652c h1:+YUwfoIkKlMi3Y1QrOy+OlIELC9KWV0+/5F3NX72q8U=
github.com/sagernet/sing v0.1.8-0.20230228034829-bb617490652c/go.mod h1:jt1w2u7lJQFFSGLiRrRIs5YWmx4kAPfWuOejuDW9qMk=
golang.org/x/net v0.7.0 h1:rJrUqqhjsgNp7KqAIc25s9pZnjU7TUcSY7HcVZjdn1g=
golang.org/x/net v0.7.0/go.mod h1:2Tu9+aMcznHK/AK1HMvgo6xiTLG5rD5rZLDS+rp2Bjs=
golang.org/x/sys v0.5.0 h1:MUK/U/4lj1t1oPg0HfuXDN/Z1wv31ZJ/YcPiGccS4DU=
golang.org/x/sys v0.5.0/go.mod h1:oPkhp1MJrh7nUepCBck5+mAzfO9JrbApNNgaTdGDITg=
golang.org/x/term v0.5.0 h1:n2a8QNdAb0sZNpU9R1ALUXBbY+w51fCQDN+7EdxNBsY=
golang.org/x/term v0.5.0/go.mod h1:jMB1sMXY+tzblOD4FWmEbocvup2/aLOaQEp7JmGp78k=
golang.org/x/text v0.7.0 h1:4BRB4x83lYWy72KwLD/qYDuTu7q9PjSagHvijDw7cLo=
golang.org/x/text v0.7.0/go.mod h1:mrYo+phRRbMaCq/xk9113O4dZlRixOauAjOtrjsXDZ8=
